
Microsoft Visual Studio Solution File, Format Version 12.00
# Visual Studio Version 17
VisualStudioVersion = 17.10.35013.160
MinimumVisualStudioVersion = 10.0.40219.1
Project("{FAE04EC0-301F-11D3-BF4B-00C04F79EFBC}") = "CustomerEvidenceApp", "CustomerEvidenceApp.csproj", "{B6175497-9101-4DBB-88E8-E0E6830B0AEE}"
EndProject
Global
	GlobalSection(SolutionConfigurationPlatforms) = preSolution
		Debug|Any CPU = Debug|Any CPU
		Release|Any CPU = Release|Any CPU
	EndGlobalSection
	GlobalSection(ProjectConfigurationPlatforms) = postSolution
		{B6175497-9101-4DBB-88E8-E0E6830B0AEE}.Debug|Any CPU.ActiveCfg = Debug|Any CPU
		{B6175497-9101-4DBB-88E8-E0E6830B0AEE}.Debug|Any CPU.Build.0 = Debug|Any CPU
		{B6175497-9101-4DBB-88E8-E0E6830B0AEE}.Release|Any CPU.ActiveCfg = Release|Any CPU
		{B6175497-9101-4DBB-88E8-E0E6830B0AEE}.Release|Any CPU.Build.0 = Release|Any CPU
	EndGlobalSection
	GlobalSection(SolutionProperties) = preSolution
		HideSolutionNode = FALSE
	EndGlobalSection
	GlobalSection(ExtensibilityGlobals) = postSolution
		SolutionGuid = {C3DE386E-8350-4A61-B891-2C06C8DCA997}
	EndGlobalSection
EndGlobal
